lockfileVersion: '9.0'

settings:
  autoInstallPeers: true
  excludeLinksFromLockfile: false

overrides:
  '@mastra/core': link:../../packages/core
  '@mastra/libsql': link:../../stores/libsql

importers:

  .:
    dependencies:
      '@ai-sdk/anthropic':
        specifier: ^2.0.9
        version: 2.0.9(zod@3.25.76)
      '@ai-sdk/openai':
        specifier: ^2.0.23
        version: 2.0.23(zod@3.25.76)
      '@mastra/core':
        specifier: link:../../packages/core
        version: link:../../packages/core
      '@mastra/libsql':
        specifier: link:../../stores/libsql
        version: link:../../stores/libsql
      zod:
        specifier: ^3.25.76
        version: 3.25.76

packages:

  '@ai-sdk/anthropic@2.0.9':
    resolution: {integrity: sha512-1kQgL2A3PeqfEcHHmqy4NxRc8rbgLS71bHBuvDFfDz3VAAyndkilPMCLNDSP2mJVGAej2EMWJ1sShRAxzn70jA==}
    engines: {node: '>=18'}
    peerDependencies:
      zod: ^3.25.76 || ^4

  '@ai-sdk/openai@2.0.23':
    resolution: {integrity: sha512-uOXk8HzmMUoCmD0JMX/Y1HC/ABOR/Jza2Z2rkCaJISDYz3fp5pnb6eNjcPRL48JSMzRAGp9UP5p0OpxS06IJZg==}
    engines: {node: '>=18'}
    peerDependencies:
      zod: ^3.25.76 || ^4

  '@ai-sdk/provider-utils@3.0.7':
    resolution: {integrity: sha512-o3BS5/t8KnBL3ubP8k3w77AByOypLm+pkIL/DCw0qKkhDbvhCy+L3hRTGPikpdb8WHcylAeKsjgwOxhj4cqTUA==}
    engines: {node: '>=18'}
    peerDependencies:
      zod: ^3.25.76 || ^4

  '@ai-sdk/provider@2.0.0':
    resolution: {integrity: sha512-6o7Y2SeO9vFKB8lArHXehNuusnpddKPk7xqL7T2/b+OvXMRIXUO1rR4wcv1hAFUAT9avGZshty3Wlua/XA7TvA==}
    engines: {node: '>=18'}

  '@standard-schema/spec@1.0.0':
    resolution: {integrity: sha512-m2bOd0f2RT9k8QJx1JN85cZYyH1RqFBdlwtkSlf4tBDYLCiiZnv1fIIwacK6cqwXavOydf0NPToMQgpKq+dVlA==}

  eventsource-parser@3.0.6:
    resolution: {integrity: sha512-Vo1ab+QXPzZ4tCa8SwIHJFaSzy4R6SHf7BY79rFBDf0idraZWAkYrDjDj8uWaSm3S2TK+hJ7/t1CEmZ7jXw+pg==}
    engines: {node: '>=18.0.0'}

  json-schema@0.4.0:
    resolution: {integrity: sha512-es94M3nTIfsEPisRafak+HDLfHXnKBhV3vU5eqPcS3flIWqcxJWgXHXiey3YrpaNsanY5ei1VoYEbOzijuq9BA==}

  zod@3.25.76:
    resolution: {integrity: sha512-gzUt/qt81nXsFGKIFcC3YnfEAx5NkunCfnDlvuBSSFS02bcXu4Lmea0AFIUwbLWxWPx3d9p8S5QoaujKcNQxcQ==}

snapshots:

  '@ai-sdk/anthropic@2.0.9(zod@3.25.76)':
    dependencies:
      '@ai-sdk/provider': 2.0.0
      '@ai-sdk/provider-utils': 3.0.7(zod@3.25.76)
      zod: 3.25.76

  '@ai-sdk/openai@2.0.23(zod@3.25.76)':
    dependencies:
      '@ai-sdk/provider': 2.0.0
      '@ai-sdk/provider-utils': 3.0.7(zod@3.25.76)
      zod: 3.25.76

  '@ai-sdk/provider-utils@3.0.7(zod@3.25.76)':
    dependencies:
      '@ai-sdk/provider': 2.0.0
      '@standard-schema/spec': 1.0.0
      eventsource-parser: 3.0.6
      zod: 3.25.76

  '@ai-sdk/provider@2.0.0':
    dependencies:
      json-schema: 0.4.0

  '@standard-schema/spec@1.0.0': {}

  eventsource-parser@3.0.6: {}

  json-schema@0.4.0: {}

  zod@3.25.76: {}
